
Microsoft Visual Studio Solution File, Format Version 12.00
# Visual Studio Version 17
VisualStudioVersion = 17.2.32519.379
MinimumVisualStudioVersion = 10.0.40219.1
Project("{9A19103F-16F7-4668-BE54-9A1E7A4F7556}") = "Landscape generation", "Landscape generation\Landscape generation.csproj", "{2AE554B6-9570-42A4-B24C-31419BFAF48C}"
EndProject
Global
	GlobalSection(SolutionConfigurationPlatforms) = preSolution
		Debug|Any CPU = Debug|Any CPU
		Release|Any CPU = Release|Any CPU
	EndGlobalSection
	GlobalSection(ProjectConfigurationPlatforms) = postSolution
		{2AE554B6-9570-42A4-B24C-31419BFAF48C}.Debug|Any CPU.ActiveCfg = Debug|Any CPU
		{2AE554B6-9570-42A4-B24C-31419BFAF48C}.Debug|Any CPU.Build.0 = Debug|Any CPU
		{2AE554B6-9570-42A4-B24C-31419BFAF48C}.Release|Any CPU.ActiveCfg = Release|Any CPU
		{2AE554B6-9570-42A4-B24C-31419BFAF48C}.Release|Any CPU.Build.0 = Release|Any CPU
	EndGlobalSection
	GlobalSection(SolutionProperties) = preSolution
		HideSolutionNode = FALSE
	EndGlobalSection
	GlobalSection(ExtensibilityGlobals) = postSolution
		SolutionGuid = {A7B7E7D6-D1A7-4883-8E41-2F8E8D6B8BF2}
	EndGlobalSection
EndGlobal
